// !$*UTF8*$!
{
	archiveVersion = 1;
	classes = {
	};
	objectVersion = 46;
	objects = {

/* Begin PBXBuildFile section */
		ACFB95C4B0C88D836F9019AD /* Pods_Truck_Stops.framework in Frameworks */ = {isa = PBXBuildFile; fileRef = 618C1FD4BEB32E120132420A /* Pods_Truck_Stops.framework */; };
		D428D53D1EB971D300EFB043 /* main.m in Sources */ = {isa = PBXBuildFile; fileRef = D428D53C1EB971D300EFB043 /* main.m */; };
		D428D5401EB971D300EFB043 /* AppDelegate.m in Sources */ = {isa = PBXBuildFile; fileRef = D428D53F1EB971D300EFB043 /* AppDelegate.m */; };
		D428D5431EB971D300EFB043 /* MapViewController.m in Sources */ = {isa = PBXBuildFile; fileRef = D428D5421EB971D300EFB043 /* MapViewController.m */; };
		D428D5461EB971D300EFB043 /* Main.storyboard in Resources */ = {isa = PBXBuildFile; fileRef = D428D5441EB971D300EFB043 /* Main.storyboard */; };
		D428D54B1EB971D300EFB043 /* Assets.xcassets in Resources */ = {isa = PBXBuildFile; fileRef = D428D54A1EB971D300EFB043 /* Assets.xcassets */; };
		D428D54E1EB971D300EFB043 /* LaunchScreen.storyboard in Resources */ = {isa = PBXBuildFile; fileRef = D428D54C1EB971D300EFB043 /* LaunchScreen.storyboard */; };
		D428D5571EB972A900EFB043 /* CoreLocation.framework in Frameworks */ = {isa = PBXBuildFile; fileRef = D428D5561EB972A900EFB043 /* CoreLocation.framework */; };
		D428D5591EB972C100EFB043 /* MapKit.framework in Frameworks */ = {isa = PBXBuildFile; fileRef = D428D5581EB972C100EFB043 /* MapKit.framework */; };
		D428D55E1EBD63CC00EFB043 /* TruckStopAnnotation.m in Sources */ = {isa = PBXBuildFile; fileRef = D428D55D1EBD63CC00EFB043 /* TruckStopAnnotation.m */; };
		D44A16E21EC0151500369214 /* SystemConfiguration.framework in Frameworks */ = {isa = PBXBuildFile; fileRef = D44A16E11EC0151500369214 /* SystemConfiguration.framework */; };
		D44A16E81EC0165400369214 /* Reachability.m in Sources */ = {isa = PBXBuildFile; fileRef = D44A16E71EC0165400369214 /* Reachability.m */; };
/* End PBXBuildFile section */

/* Begin PBXFileReference section */
		618C1FD4BEB32E120132420A /* Pods_Truck_Stops.framework */ = {isa = PBXFileReference; explicitFileType = wrapper.framework; includeInIndex = 0; path = Pods_Truck_Stops.framework; sourceTree = BUILT_PRODUCTS_DIR; };
		C45F9E2BD65557F584B960B3 /* Pods-Truck Stops.debug.xcconfig */ = {isa = PBXFileReference; includeInIndex = 1; lastKnownFileType = text.xcconfig; name = "Pods-Truck Stops.debug.xcconfig"; path = "Pods/Target Support Files/Pods-Truck Stops/Pods-Truck Stops.debug.xcconfig"; sourceTree = "<group>"; };
		D428D5381EB971D300EFB043 /* Truck Stops.app */ = {isa = PBXFileReference; explicitFileType = wrapper.application; includeInIndex = 0; path = "Truck Stops.app"; sourceTree = BUILT_PRODUCTS_DIR; };
		D428D53C1EB971D300EFB043 /* main.m */ = {isa = PBXFileReference; lastKnownFileType = sourcecode.c.objc; path = main.m; sourceTree = "<group>"; };
		D428D53E1EB971D300EFB043 /* AppDelegate.h */ = {isa = PBXFileReference; lastKnownFileType = sourcecode.c.h; path = AppDelegate.h; sourceTree = "<group>"; };
		D428D53F1EB971D300EFB043 /* AppDelegate.m */ = {isa = PBXFileReference; lastKnownFileType = sourcecode.c.objc; path = AppDelegate.m; sourceTree = "<group>"; };
		D428D5411EB971D300EFB043 /* MapViewController.h */ = {isa = PBXFileReference; lastKnownFileType = sourcecode.c.h; path = MapViewController.h; sourceTree = "<group>"; };
		D428D5421EB971D300EFB043 /* MapViewController.m */ = {isa = PBXFileReference; lastKnownFileType = sourcecode.c.objc; path = MapViewController.m; sourceTree = "<group>"; };
		D428D5451EB971D300EFB043 /* Base */ = {isa = PBXFileReference; lastKnownFileType = file.storyboard; name = Base; path = Base.lproj/Main.storyboard; sourceTree = "<group>"; };
		D428D54A1EB971D300EFB043 /* Assets.xcassets */ = {isa = PBXFileReference; lastKnownFileType = folder.assetcatalog; path = Assets.xcassets; sourceTree = "<group>"; };
		D428D54D1EB971D300EFB043 /* Base */ = {isa = PBXFileReference; lastKnownFileType = file.storyboard; name = Base; path = Base.lproj/LaunchScreen.storyboard; sourceTree = "<group>"; };
		D428D54F1EB971D300EFB043 /* Info.plist */ = {isa = PBXFileReference; lastKnownFileType = text.plist.xml; path = Info.plist; sourceTree = "<group>"; };
		D428D5561EB972A900EFB043 /* CoreLocation.framework */ = {isa = PBXFileReference; lastKnownFileType = wrapper.framework; name = CoreLocation.framework; path = System/Library/Frameworks/CoreLocation.framework; sourceTree = SDKROOT; };
		D428D5581EB972C100EFB043 /* MapKit.framework */ = {isa = PBXFileReference; lastKnownFileType = wrapper.framework; name = MapKit.framework; path = System/Library/Frameworks/MapKit.framework; sourceTree = SDKROOT; };
		D428D55C1EBD63CC00EFB043 /* TruckStopAnnotation.h */ = {isa = PBXFileReference; fileEncoding = 4; lastKnownFileType = sourcecode.c.h; path = TruckStopAnnotation.h; sourceTree = "<group>"; };
		D428D55D1EBD63CC00EFB043 /* TruckStopAnnotation.m */ = {isa = PBXFileReference; fileEncoding = 4; lastKnownFileType = sourcecode.c.objc; path = TruckStopAnnotation.m; sourceTree = "<group>"; };
		D44A16E11EC0151500369214 /* SystemConfiguration.framework */ = {isa = PBXFileReference; lastKnownFileType = wrapper.framework; name = SystemConfiguration.framework; path = System/Library/Frameworks/SystemConfiguration.framework; sourceTree = SDKROOT; };
		D44A16E61EC0165400369214 /* Reachability.h */ = {isa = PBXFileReference; fileEncoding = 4; lastKnownFileType = sourcecode.c.h; path = Reachability.h; sourceTree = "<group>"; };
		D44A16E71EC0165400369214 /* Reachability.m */ = {isa = PBXFileReference; fileEncoding = 4; lastKnownFileType = sourcecode.c.objc; path = Reachability.m; sourceTree = "<group>"; };
		F8633173E122F93B819589E5 /* Pods-Truck Stops.release.xcconfig */ = {isa = PBXFileReference; includeInIndex = 1; lastKnownFileType = text.xcconfig; name = "Pods-Truck Stops.release.xcconfig"; path = "Pods/Target Support Files/Pods-Truck Stops/Pods-Truck Stops.release.xcconfig"; sourceTree = "<group>"; };
/* End PBXFileReference section */

/* Begin PBXFrameworksBuildPhase section */
		D428D5351EB971D300EFB043 /* Frameworks */ = {
			isa = PBXFrameworksBuildPhase;
			buildActionMask = 2147483647;
			files = (
				D44A16E21EC0151500369214 /* SystemConfiguration.framework in Frameworks */,
				D428D5591EB972C100EFB043 /* MapKit.framework in Frameworks */,
				D428D5571EB972A900EFB043 /* CoreLocation.framework in Frameworks */,
				ACFB95C4B0C88D836F9019AD /* Pods_Truck_Stops.framework in Frameworks */,
			);
			runOnlyForDeploymentPostprocessing = 0;
		};
/* End PBXFrameworksBuildPhase section */

/* Begin PBXGroup section */
		8FBAA5511B3419065A2F96BE /* Pods */ = {
			isa = PBXGroup;
			children = (
				C45F9E2BD65557F584B960B3 /* Pods-Truck Stops.debug.xcconfig */,
				F8633173E122F93B819589E5 /* Pods-Truck Stops.release.xcconfig */,
			);
			name = Pods;
			sourceTree = "<group>";
		};
		D428D52F1EB971D300EFB043 = {
			isa = PBXGroup;
			children = (
				D428D53A1EB971D300EFB043 /* Truck Stops */,
				D428D5391EB971D300EFB043 /* Products */,
				D428D5551EB972A900EFB043 /* Frameworks */,
				8FBAA5511B3419065A2F96BE /* Pods */,
			);
			sourceTree = "<group>";
		};
		D428D5391EB971D300EFB043 /* Products */ = {
			isa = PBXGroup;
			children = (
				D428D5381EB971D300EFB043 /* Truck Stops.app */,
			);
			name = Products;
			sourceTree = "<group>";
		};
		D428D53A1EB971D300EFB043 /* Truck Stops */ = {
			isa = PBXGroup;
			children = (
				D428D53E1EB971D300EFB043 /* AppDelegate.h */,
				D428D53F1EB971D300EFB043 /* AppDelegate.m */,
				D428D5411EB971D300EFB043 /* MapViewController.h */,
				D428D5421EB971D300EFB043 /* MapViewController.m */,
				D428D55C1EBD63CC00EFB043 /* TruckStopAnnotation.h */,
				D428D55D1EBD63CC00EFB043 /* TruckStopAnnotation.m */,
				D428D5441EB971D300EFB043 /* Main.storyboard */,
				D428D54A1EB971D300EFB043 /* Assets.xcassets */,
				D428D54C1EB971D300EFB043 /* LaunchScreen.storyboard */,
				D428D54F1EB971D300EFB043 /* Info.plist */,
				D428D53B1EB971D300EFB043 /* Supporting Files */,
				D44A16E61EC0165400369214 /* Reachability.h */,
				D44A16E71EC0165400369214 /* Reachability.m */,
			);
			path = "Truck Stops";
			sourceTree = "<group>";
		};
		D428D53B1EB971D300EFB043 /* Supporting Files */ = {
			isa = PBXGroup;
			children = (
				D428D53C1EB971D300EFB043 /* main.m */,
			);
			name = "Supporting Files";
			sourceTree = "<group>";
		};
		D428D5551EB972A900EFB043 /* Frameworks */ = {
			isa = PBXGroup;
			children = (
				D44A16E11EC0151500369214 /* SystemConfiguration.framework */,
				D428D5581EB972C100EFB043 /* MapKit.framework */,
				D428D5561EB972A900EFB043 /* CoreLocation.framework */,
				618C1FD4BEB32E120132420A /* Pods_Truck_Stops.framework */,
			);
			name = Frameworks;
			sourceTree = "<group>";
		};
/* End PBXGroup section */

/* Begin PBXNativeTarget section */
		D428D5371EB971D300EFB043 /* Truck Stops */ = {
			isa = PBXNativeTarget;
			buildConfigurationList = D428D5521EB971D300EFB043 /* Build configuration list for PBXNativeTarget "Truck Stops" */;
			buildPhases = (
				5B1A5A4001E5F223DCAB6F80 /* [CP] Check Pods Manifest.lock */,
				D428D5341EB971D300EFB043 /* Sources */,
				D428D5351EB971D300EFB043 /* Frameworks */,
				D428D5361EB971D300EFB043 /* Resources */,
				B2112358D32C33EA5CD1D592 /* [CP] Embed Pods Frameworks */,
				C1F195CAA369CC4834BA9152 /* [CP] Copy Pods Resources */,
			);
			buildRules = (
			);
			dependencies = (
			);
			name = "Truck Stops";
			productName = "Truck Stops";
			productReference = D428D5381EB971D300EFB043 /* Truck Stops.app */;
			productType = "com.apple.product-type.application";
		};
/* End PBXNativeTarget section */

/* Begin PBXProject section */
		D428D5301EB971D300EFB043 /* Project object */ = {
			isa = PBXProject;
			attributes = {
				LastUpgradeCheck = 0830;
				ORGANIZATIONNAME = "Joey deVilla";
				TargetAttributes = {
					D428D5371EB971D300EFB043 = {
						CreatedOnToolsVersion = 8.3.2;
						DevelopmentTeam = EFL9LXPU8S;
						ProvisioningStyle = Automatic;
					};
				};
			};
			buildConfigurationList = D428D5331EB971D300EFB043 /* Build configuration list for PBXProject "Truck Stops" */;
			compatibilityVersion = "Xcode 3.2";
			developmentRegion = English;
			hasScannedForEncodings = 0;
			knownRegions = (
				en,
				Base,
			);
			mainGroup = D428D52F1EB971D300EFB043;
			productRefGroup = D428D5391EB971D300EFB043 /* Products */;
			projectDirPath = "";
			projectRoot = "";
			targets = (
				D428D5371EB971D300EFB043 /* Truck Stops */,
			);
		};
/* End PBXProject section */

/* Begin PBXResourcesBuildPhase section */
		D428D5361EB971D300EFB043 /* Resources */ = {
			isa = PBXResourcesBuildPhase;
			buildActionMask = 2147483647;
			files = (
				D428D54E1EB971D300EFB043 /* LaunchScreen.storyboard in Resources */,
				D428D54B1EB971D300EFB043 /* Assets.xcassets in Resources */,
				D428D5461EB971D300EFB043 /* Main.storyboard in Resources */,
			);
			runOnlyForDeploymentPostprocessing = 0;
		};
/* End PBXResourcesBuildPhase section */

/* Begin PBXShellScriptBuildPhase section */
		5B1A5A4001E5F223DCAB6F80 /* [CP] Check Pods Manifest.lock */ = {
			isa = PBXShellScriptBuildPhase;
			buildActionMask = 2147483647;
			files = (
			);
			inputPaths = (
			);
			name = "[CP] Check Pods Manifest.lock";
			outputPaths = (
			);
			runOnlyForDeploymentPostprocessing = 0;
			shellPath = /bin/sh;
			shellScript = "diff \"${PODS_PODFILE_DIR_PATH}/Podfile.lock\" \"${PODS_ROOT}/Manifest.lock\" > /dev/null\nif [ $? != 0 ] ; then\n    # print error to STDERR\n    echo \"error: The sandbox is not in sync with the Podfile.lock. Run 'pod install' or update your CocoaPods installation.\" >&2\n    exit 1\nfi\n";
			showEnvVarsInLog = 0;
		};
		B2112358D32C33EA5CD1D592 /* [CP] Embed Pods Frameworks */ = {
			isa = PBXShellScriptBuildPhase;
			buildActionMask = 2147483647;
			files = (
			);
			inputPaths = (
			);
			name = "[CP] Embed Pods Frameworks";
			outputPaths = (
			);
			runOnlyForDeploymentPostprocessing = 0;
			shellPath = /bin/sh;
			shellScript = "\"${SRCROOT}/Pods/Target Support Files/Pods-Truck Stops/Pods-Truck Stops-frameworks.sh\"\n";
			showEnvVarsInLog = 0;
		};
		C1F195CAA369CC4834BA9152 /* [CP] Copy Pods Resources */ = {
			isa = PBXShellScriptBuildPhase;
			buildActionMask = 2147483647;
			files = (
			);
			inputPaths = (
			);
			name = "[CP] Copy Pods Resources";
			outputPaths = (
			);
			runOnlyForDeploymentPostprocessing = 0;
			shellPath = /bin/sh;
			shellScript = "\"${SRCROOT}/Pods/Target Support Files/Pods-Truck Stops/Pods-Truck Stops-resources.sh\"\n";
			showEnvVarsInLog = 0;
		};
/* End PBXShellScriptBuildPhase section */

/* Begin PBXSourcesBuildPhase section */
		D428D5341EB971D300EFB043 /* Sources */ = {
			isa = PBXSourcesBuildPhase;
			buildActionMask = 2147483647;
			files = (
				D428D5431EB971D300EFB043 /* MapViewController.m in Sources */,
				D428D5401EB971D300EFB043 /* AppDelegate.m in Sources */,
				D428D55E1EBD63CC00EFB043 /* TruckStopAnnotation.m in Sources */,
				D428D53D1EB971D300EFB043 /* main.m in Sources */,
				D44A16E81EC0165400369214 /* Reachability.m in Sources */,
			);
			runOnlyForDeploymentPostprocessing = 0;
		};
/* End PBXSourcesBuildPhase section */

/* Begin PBXVariantGroup section */
		D428D5441EB971D300EFB043 /* Main.storyboard */ = {
			isa = PBXVariantGroup;
			children = (
				D428D5451EB971D300EFB043 /* Base */,
			);
			name = Main.storyboard;
			sourceTree = "<group>";
		};
		D428D54C1EB971D300EFB043 /* LaunchScreen.storyboard */ = {
			isa = PBXVariantGroup;
			children = (
				D428D54D1EB971D300EFB043 /* Base */,
			);
			name = LaunchScreen.storyboard;
			sourceTree = "<group>";
		};
/* End PBXVariantGroup section */

/* Begin XCBuildConfiguration section */
		D428D5501EB971D300EFB043 /* Debug */ = {
			isa = XCBuildConfiguration;
			buildSettings = {
				ALWAYS_SEARCH_USER_PATHS = NO;
				CLANG_ANALYZER_NONNULL = YES;
				CLANG_ANALYZER_NUMBER_OBJECT_CONVERSION = YES_AGGRESSIVE;
				CLANG_CXX_LANGUAGE_STANDARD = "gnu++0x";
				CLANG_CXX_LIBRARY = "libc++";
				CLANG_ENABLE_MODULES = YES;
				CLANG_ENABLE_OBJC_ARC = YES;
				CLANG_WARN_BOOL_CONVERSION = YES;
				CLANG_WARN_CONSTANT_CONVERSION = YES;
				CLANG_WARN_DIRECT_OBJC_ISA_USAGE = YES_ERROR;
				CLANG_WARN_DOCUMENTATION_COMMENTS = YES;
				CLANG_WARN_EMPTY_BODY = YES;
				CLANG_WARN_ENUM_CONVERSION = YES;
				CLANG_WARN_INFINITE_RECURSION = YES;
				CLANG_WARN_INT_CONVERSION = YES;
				CLANG_WARN_OBJC_ROOT_CLASS = YES_ERROR;
				CLANG_WARN_SUSPICIOUS_MOVE = YES;
				CLANG_WARN_UNREACHABLE_CODE = YES;
				CLANG_WARN__DUPLICATE_METHOD_MATCH = YES;
				"CODE_SIGN_IDENTITY[sdk=iphoneos*]" = "iPhone Developer";
				COPY_PHASE_STRIP = NO;
				DEBUG_INFORMATION_FORMAT = dwarf;
				ENABLE_STRICT_OBJC_MSGSEND = YES;
				ENABLE_TESTABILITY = YES;
				GCC_C_LANGUAGE_STANDARD = gnu99;
				GCC_DYNAMIC_NO_PIC = NO;
				GCC_NO_COMMON_BLOCKS = YES;
				GCC_OPTIMIZATION_LEVEL = 0;
				GCC_PREPROCESSOR_DEFINITIONS = (
					"DEBUG=1",
					"$(inherited)",
				);
				GCC_WARN_64_TO_32_BIT_CONVERSION = YES;
				GCC_WARN_ABOUT_RETURN_TYPE = YES_ERROR;
				GCC_WARN_UNDECLARED_SELECTOR = YES;
				GCC_WARN_UNINITIALIZED_AUTOS = YES_AGGRESSIVE;
				GCC_WARN_UNUSED_FUNCTION = YES;
				GCC_WARN_UNUSED_VARIABLE = YES;
				IPHONEOS_DEPLOYMENT_TARGET = 10.3;
				MTL_ENABLE_DEBUG_INFO = YES;
				ONLY_ACTIVE_ARCH = YES;
				SDKROOT = iphoneos;
			};
			name = Debug;
		};
		D428D5511EB971D300EFB043 /* Release */ = {
			isa = XCBuildConfiguration;
			buildSettings = {
				ALWAYS_SEARCH_USER_PATHS = NO;
				CLANG_ANALYZER_NONNULL = YES;
				CLANG_ANALYZER_NUMBER_OBJECT_CONVERSION = YES_AGGRESSIVE;
				CLANG_CXX_LANGUAGE_STANDARD = "gnu++0x";
				CLANG_CXX_LIBRARY = "libc++";
				CLANG_ENABLE_MODULES = YES;
				CLANG_ENABLE_OBJC_ARC = YES;
				CLANG_WARN_BOOL_CONVERSION = YES;
				CLANG_WARN_CONSTANT_CONVERSION = YES;
				CLANG_WARN_DIRECT_OBJC_ISA_USAGE = YES_ERROR;
				CLANG_WARN_DOCUMENTATION_COMMENTS = YES;
				CLANG_WARN_EMPTY_BODY = YES;
				CLANG_WARN_ENUM_CONVERSION = YES;
				CLANG_WARN_INFINITE_RECURSION = YES;
				CLANG_WARN_INT_CONVERSION = YES;
				CLANG_WARN_OBJC_ROOT_CLASS = YES_ERROR;
				CLANG_WARN_SUSPICIOUS_MOVE = YES;
				CLANG_WARN_UNREACHABLE_CODE = YES;
				CLANG_WARN__DUPLICATE_METHOD_MATCH = YES;
				"CODE_SIGN_IDENTITY[sdk=iphoneos*]" = "iPhone Developer";
				COPY_PHASE_STRIP = NO;
				DEBUG_INFORMATION_FORMAT = "dwarf-with-dsym";
				ENABLE_NS_ASSERTIONS = NO;
				ENABLE_STRICT_OBJC_MSGSEND = YES;
				GCC_C_LANGUAGE_STANDARD = gnu99;
				GCC_NO_COMMON_BLOCKS = YES;
				GCC_WARN_64_TO_32_BIT_CONVERSION = YES;
				GCC_WARN_ABOUT_RETURN_TYPE = YES_ERROR;
				GCC_WARN_UNDECLARED_SELECTOR = YES;
				GCC_WARN_UNINITIALIZED_AUTOS = YES_AGGRESSIVE;
				GCC_WARN_UNUSED_FUNCTION = YES;
				GCC_WARN_UNUSED_VARIABLE = YES;
				IPHONEOS_DEPLOYMENT_TARGET = 10.3;
				MTL_ENABLE_DEBUG_INFO = NO;
				SDKROOT = iphoneos;
				VALIDATE_PRODUCT = YES;
			};
			name = Release;
		};
		D428D5531EB971D300EFB043 /* Debug */ = {
			isa = XCBuildConfiguration;
			baseConfigurationReference = C45F9E2BD65557F584B960B3 /* Pods-Truck Stops.debug.xcconfig */;
			buildSettings = {
				ASSETCATALOG_COMPILER_APPICON_NAME = AppIcon;
				DEVELOPMENT_TEAM = EFL9LXPU8S;
				INFOPLIST_FILE = "Truck Stops/Info.plist";
				IPHONEOS_DEPLOYMENT_TARGET = 10.0;
				LD_RUNPATH_SEARCH_PATHS = "$(inherited) @executable_path/Frameworks";
				PRODUCT_BUNDLE_IDENTIFIER = "com.joeydevilla.Truck-Stops";
				PRODUCT_NAME = "$(TARGET_NAME)";
			};
			name = Debug;
		};
		D428D5541EB971D300EFB043 /* Release */ = {
			isa = XCBuildConfiguration;
			baseConfigurationReference = F8633173E122F93B819589E5 /* Pods-Truck Stops.release.xcconfig */;
			buildSettings = {
				ASSETCATALOG_COMPILER_APPICON_NAME = AppIcon;
				DEVELOPMENT_TEAM = EFL9LXPU8S;
				INFOPLIST_FILE = "Truck Stops/Info.plist";
				IPHONEOS_DEPLOYMENT_TARGET = 10.0;
				LD_RUNPATH_SEARCH_PATHS = "$(inherited) @executable_path/Frameworks";
				PRODUCT_BUNDLE_IDENTIFIER = "com.joeydevilla.Truck-Stops";
				PRODUCT_NAME = "$(TARGET_NAME)";
			};
			name = Release;
		};
/* End XCBuildConfiguration section */

/* Begin XCConfigurationList section */
		D428D5331EB971D300EFB043 /* Build configuration list for PBXProject "Truck Stops" */ = {
			isa = XCConfigurationList;
			buildConfigurations = (
				D428D5501EB971D300EFB043 /* Debug */,
				D428D5511EB971D300EFB043 /* Release */,
			);
			defaultConfigurationIsVisible = 0;
			defaultConfigurationName = Release;
		};
		D428D5521EB971D300EFB043 /* Build configuration list for PBXNativeTarget "Truck Stops" */ = {
			isa = XCConfigurationList;
			buildConfigurations = (
				D428D5531EB971D300EFB043 /* Debug */,
				D428D5541EB971D300EFB043 /* Release */,
			);
			defaultConfigurationIsVisible = 0;
			defaultConfigurationName = Release;
		};
/* End XCConfigurationList section */
	};
	rootObject = D428D5301EB971D300EFB043 /* Project object */;
}
